
Microsoft Visual Studio Solution File, Format Version 12.00
# Visual Studio 2015
Project("{FAE04EC0-301F-11D3-BF4B-00C04F79EFBC}") = "rougelike.CSharp", "rougelike.CSharp.csproj", "{CF367BBE-1F83-D698-A72A-B78D58089F55}"
EndProject
Global
	GlobalSection(SolutionConfigurationPlatforms) = preSolution
		Debug|Any CPU = Debug|Any CPU
		Release|Any CPU = Release|Any CPU
	EndGlobalSection
	GlobalSection(ProjectConfigurationPlatforms) = postSolution
		{CF367BBE-1F83-D698-A72A-B78D58089F55}.Debug|Any CPU.ActiveCfg = Debug|Any CPU
		{CF367BBE-1F83-D698-A72A-B78D58089F55}.Debug|Any CPU.Build.0 = Debug|Any CPU
		{CF367BBE-1F83-D698-A72A-B78D58089F55}.Release|Any CPU.ActiveCfg = Release|Any CPU
		{CF367BBE-1F83-D698-A72A-B78D58089F55}.Release|Any CPU.Build.0 = Release|Any CPU
	EndGlobalSection
	GlobalSection(SolutionProperties) = preSolution
		HideSolutionNode = FALSE
	EndGlobalSection
EndGlobal
